lockfileVersion: '6.0'

settings:
  autoInstallPeers: true
  excludeLinksFromLockfile: false

devDependencies:
  '@total-typescript/ts-reset':
    specifier: ^0.5.1
    version: 0.5.1
  '@types/node':
    specifier: ^20.9.0
    version: 20.9.1
  prettier:
    specifier: ^3.1.0
    version: 3.1.0

packages:

  /@total-typescript/ts-reset@0.5.1:
    resolution: {integrity: sha512-AqlrT8YA1o7Ff5wPfMOL0pvL+1X+sw60NN6CcOCqs658emD6RfiXhF7Gu9QcfKBH7ELY2nInLhKSCWVoNL70MQ==}
    dev: true

  /@types/node@20.9.1:
    resolution: {integrity: sha512-HhmzZh5LSJNS5O8jQKpJ/3ZcrrlG6L70hpGqMIAoM9YVD0YBRNWYsfwcXq8VnSjlNpCpgLzMXdiPo+dxcvSmiA==}
    dependencies:
      undici-types: 5.26.5
    dev: true

  /prettier@3.1.0:
    resolution: {integrity: sha512-TQLvXjq5IAibjh8EpBIkNKxO749UEWABoiIZehEPiY4GNpVdhaFKqSTu+QrlU6D2dPAfubRmtJTi4K4YkQ5eXw==}
    engines: {node: '>=14'}
    hasBin: true
    dev: true

  /undici-types@5.26.5:
    resolution: {integrity: sha512-JlCMO+ehdEIKqlFxk6IfVoAUVmgz7cU7zD/h9XZ0qzeosSHmUJVOzSQvvYSYWXkFXC+IfLKSIffhv0sVZup6pA==}
    dev: true
